
Microsoft Visual Studio Solution File, Format Version 12.00
# Visual Studio 15
VisualStudioVersion = 15.0.28307.852
MinimumVisualStudioVersion = 10.0.40219.1
Project("{FAE04EC0-301F-11D3-BF4B-00C04F79EFBC}") = "SeleniumFramework", "SeleniumFramework\SeleniumFramework.csproj", "{D6D6DFBD-E5B1-4E9C-9755-BA7A9DC991F3}"
EndProject
Project("{9A19103F-16F7-4668-BE54-9A1E7A4F7556}") = "Constants", "Constants\Constants.csproj", "{F5A41D29-93EA-48A7-BEA4-7A6A65946F22}"
EndProject
Project("{FAE04EC0-301F-11D3-BF4B-00C04F79EFBC}") = "Utilities", "Utilities\Utilities.csproj", "{DABB172E-FBC2-483C-9357-61B26E29761E}"
EndProject
Project("{FAE04EC0-301F-11D3-BF4B-00C04F79EFBC}") = "Enum", "Enum\Enum.csproj", "{674143BD-567E-4EB5-9842-E6F56C714B72}"
EndProject
Global
	GlobalSection(SolutionConfigurationPlatforms) = preSolution
		Debug|Any CPU = Debug|Any CPU
		Release|Any CPU = Release|Any CPU
	EndGlobalSection
	GlobalSection(ProjectConfigurationPlatforms) = postSolution
		{D6D6DFBD-E5B1-4E9C-9755-BA7A9DC991F3}.Debug|Any CPU.ActiveCfg = Debug|Any CPU
		{D6D6DFBD-E5B1-4E9C-9755-BA7A9DC991F3}.Debug|Any CPU.Build.0 = Debug|Any CPU
		{D6D6DFBD-E5B1-4E9C-9755-BA7A9DC991F3}.Release|Any CPU.ActiveCfg = Release|Any CPU
		{D6D6DFBD-E5B1-4E9C-9755-BA7A9DC991F3}.Release|Any CPU.Build.0 = Release|Any CPU
		{F5A41D29-93EA-48A7-BEA4-7A6A65946F22}.Debug|Any CPU.ActiveCfg = Debug|Any CPU
		{F5A41D29-93EA-48A7-BEA4-7A6A65946F22}.Debug|Any CPU.Build.0 = Debug|Any CPU
		{F5A41D29-93EA-48A7-BEA4-7A6A65946F22}.Release|Any CPU.ActiveCfg = Release|Any CPU
		{F5A41D29-93EA-48A7-BEA4-7A6A65946F22}.Release|Any CPU.Build.0 = Release|Any CPU
		{DABB172E-FBC2-483C-9357-61B26E29761E}.Debug|Any CPU.ActiveCfg = Debug|Any CPU
		{DABB172E-FBC2-483C-9357-61B26E29761E}.Debug|Any CPU.Build.0 = Debug|Any CPU
		{DABB172E-FBC2-483C-9357-61B26E29761E}.Release|Any CPU.ActiveCfg = Release|Any CPU
		{DABB172E-FBC2-483C-9357-61B26E29761E}.Release|Any CPU.Build.0 = Release|Any CPU
		{674143BD-567E-4EB5-9842-E6F56C714B72}.Debug|Any CPU.ActiveCfg = Debug|Any CPU
		{674143BD-567E-4EB5-9842-E6F56C714B72}.Debug|Any CPU.Build.0 = Debug|Any CPU
		{674143BD-567E-4EB5-9842-E6F56C714B72}.Release|Any CPU.ActiveCfg = Release|Any CPU
		{674143BD-567E-4EB5-9842-E6F56C714B72}.Release|Any CPU.Build.0 = Release|Any CPU
	EndGlobalSection
	GlobalSection(SolutionProperties) = preSolution
		HideSolutionNode = FALSE
	EndGlobalSection
	GlobalSection(ExtensibilityGlobals) = postSolution
		SolutionGuid = {B5BB3306-AB27-4357-8A39-00984D174B94}
	EndGlobalSection
EndGlobal
